
Microsoft Visual Studio Solution File, Format Version 12.00
# Visual Studio 15
VisualStudioVersion = 15.0.27428.2037
MinimumVisualStudioVersion = 10.0.40219.1
Project("{FAE04EC0-301F-11D3-BF4B-00C04F79EFBC}") = "RobotControl", "RobotControl\RobotControl.csproj", "{4FC134EB-81E9-420C-BA63-A2AD26D7C7C3}"
EndProject
Global
	GlobalSection(SolutionConfigurationPlatforms) = preSolution
		Debug|Any CPU = Debug|Any CPU
		Release|Any CPU = Release|Any CPU
	EndGlobalSection
	GlobalSection(ProjectConfigurationPlatforms) = postSolution
		{4FC134EB-81E9-420C-BA63-A2AD26D7C7C3}.Debug|Any CPU.ActiveCfg = Debug|Any CPU
		{4FC134EB-81E9-420C-BA63-A2AD26D7C7C3}.Debug|Any CPU.Build.0 = Debug|Any CPU
		{4FC134EB-81E9-420C-BA63-A2AD26D7C7C3}.Release|Any CPU.ActiveCfg = Release|Any CPU
		{4FC134EB-81E9-420C-BA63-A2AD26D7C7C3}.Release|Any CPU.Build.0 = Release|Any CPU
	EndGlobalSection
	GlobalSection(SolutionProperties) = preSolution
		HideSolutionNode = FALSE
	EndGlobalSection
	GlobalSection(ExtensibilityGlobals) = postSolution
		SolutionGuid = {34D943DB-2BDE-4C9C-86DF-8B32420CE96D}
	EndGlobalSection
EndGlobal
